
Microsoft Visual Studio Solution File, Format Version 12.00
# Visual Studio Version 16
VisualStudioVersion = 16.0.30804.86
MinimumVisualStudioVersion = 10.0.40219.1
Project("{FAE04EC0-301F-11D3-BF4B-00C04F79EFBC}") = "LiftSepeti", "LiftSepeti\LiftSepeti.csproj", "{1DAD6702-5F6B-4AB1-A510-800A2ED9D93B}"
EndProject
Global
	GlobalSection(SolutionConfigurationPlatforms) = preSolution
		Debug|Any CPU = Debug|Any CPU
		Release|Any CPU = Release|Any CPU
	EndGlobalSection
	GlobalSection(ProjectConfigurationPlatforms) = postSolution
		{1DAD6702-5F6B-4AB1-A510-800A2ED9D93B}.Debug|Any CPU.ActiveCfg = Debug|Any CPU
		{1DAD6702-5F6B-4AB1-A510-800A2ED9D93B}.Debug|Any CPU.Build.0 = Debug|Any CPU
		{1DAD6702-5F6B-4AB1-A510-800A2ED9D93B}.Release|Any CPU.ActiveCfg = Release|Any CPU
		{1DAD6702-5F6B-4AB1-A510-800A2ED9D93B}.Release|Any CPU.Build.0 = Release|Any CPU
	EndGlobalSection
	GlobalSection(SolutionProperties) = preSolution
		HideSolutionNode = FALSE
	EndGlobalSection
	GlobalSection(ExtensibilityGlobals) = postSolution
		SolutionGuid = {B5993C64-0E33-42C6-B24B-758AB141FD61}
	EndGlobalSection
EndGlobal
